
Microsoft Visual Studio Solution File, Format Version 12.00
# Visual Studio Version 17
VisualStudioVersion = 17.8.34601.278
MinimumVisualStudioVersion = 10.0.40219.1
Project("{9A19103F-16F7-4668-BE54-9A1E7A4F7556}") = "rapidrabbitmq", "src\rapidrabbitmq.csproj", "{AE302518-DB61-42C2-8F07-91260E086DF3}"
EndProject
Project("{2150E333-8FDC-42A3-9474-1A3956D46DE8}") = "Solution Items", "Solution Items", "{20062B82-379C-4AD3-B52A-98CF48577182}"
	ProjectSection(SolutionItems) = preProject
		README.md = README.md
	EndProjectSection
EndProject
Global
	GlobalSection(SolutionConfigurationPlatforms) = preSolution
		Debug|Any CPU = Debug|Any CPU
		Release|Any CPU = Release|Any CPU
	EndGlobalSection
	GlobalSection(ProjectConfigurationPlatforms) = postSolution
		{AE302518-DB61-42C2-8F07-91260E086DF3}.Debug|Any CPU.ActiveCfg = Debug|Any CPU
		{AE302518-DB61-42C2-8F07-91260E086DF3}.Debug|Any CPU.Build.0 = Debug|Any CPU
		{AE302518-DB61-42C2-8F07-91260E086DF3}.Release|Any CPU.ActiveCfg = Release|Any CPU
		{AE302518-DB61-42C2-8F07-91260E086DF3}.Release|Any CPU.Build.0 = Release|Any CPU
	EndGlobalSection
	GlobalSection(SolutionProperties) = preSolution
		HideSolutionNode = FALSE
	EndGlobalSection
	GlobalSection(ExtensibilityGlobals) = postSolution
		SolutionGuid = {6F66E502-682E-49D4-8F10-AEFDF3B08FD4}
	EndGlobalSection
EndGlobal
